
Microsoft Visual Studio Solution File, Format Version 12.00
# Visual Studio 15
VisualStudioVersion = 15.0.28010.2046
MinimumVisualStudioVersion = 10.0.40219.1
Project("{8BC9CEB8-8B4A-11D0-8D11-00A0C91BC942}") = "Contrast", "Contrast\Contrast.vcxproj", "{316C5208-067D-4862-8236-17F06C0DB353}"
EndProject
Global
	GlobalSection(SolutionConfigurationPlatforms) = preSolution
		Debug|x64 = Debug|x64
		Debug|x86 = Debug|x86
		Release|x64 = Release|x64
		Release|x86 = Release|x86
	EndGlobalSection
	GlobalSection(ProjectConfigurationPlatforms) = postSolution
		{316C5208-067D-4862-8236-17F06C0DB353}.Debug|x64.ActiveCfg = Debug|x64
		{316C5208-067D-4862-8236-17F06C0DB353}.Debug|x64.Build.0 = Debug|x64
		{316C5208-067D-4862-8236-17F06C0DB353}.Debug|x86.ActiveCfg = Debug|Win32
		{316C5208-067D-4862-8236-17F06C0DB353}.Debug|x86.Build.0 = Debug|Win32
		{316C5208-067D-4862-8236-17F06C0DB353}.Release|x64.ActiveCfg = Release|x64
		{316C5208-067D-4862-8236-17F06C0DB353}.Release|x64.Build.0 = Release|x64
		{316C5208-067D-4862-8236-17F06C0DB353}.Release|x86.ActiveCfg = Release|Win32
		{316C5208-067D-4862-8236-17F06C0DB353}.Release|x86.Build.0 = Release|Win32
	EndGlobalSection
	GlobalSection(SolutionProperties) = preSolution
		HideSolutionNode = FALSE
	EndGlobalSection
	GlobalSection(ExtensibilityGlobals) = postSolution
		SolutionGuid = {6DB2DA2C-6001-44D7-B348-E3B035A05EBA}
	EndGlobalSection
EndGlobal
