
Microsoft Visual Studio Solution File, Format Version 12.00
# Visual Studio 15
VisualStudioVersion = 15.0.28010.2046
MinimumVisualStudioVersion = 10.0.40219.1
Project("{8BC9CEB8-8B4A-11D0-8D11-00A0C91BC942}") = "Brightness", "Brightness\Brightness.vcxproj", "{57AFA8D2-C564-44A5-8CC4-58844C5F6964}"
EndProject
Global
	GlobalSection(SolutionConfigurationPlatforms) = preSolution
		Debug|x64 = Debug|x64
		Debug|x86 = Debug|x86
		Release|x64 = Release|x64
		Release|x86 = Release|x86
	EndGlobalSection
	GlobalSection(ProjectConfigurationPlatforms) = postSolution
		{57AFA8D2-C564-44A5-8CC4-58844C5F6964}.Debug|x64.ActiveCfg = Debug|x64
		{57AFA8D2-C564-44A5-8CC4-58844C5F6964}.Debug|x64.Build.0 = Debug|x64
		{57AFA8D2-C564-44A5-8CC4-58844C5F6964}.Debug|x86.ActiveCfg = Debug|Win32
		{57AFA8D2-C564-44A5-8CC4-58844C5F6964}.Debug|x86.Build.0 = Debug|Win32
		{57AFA8D2-C564-44A5-8CC4-58844C5F6964}.Release|x64.ActiveCfg = Release|x64
		{57AFA8D2-C564-44A5-8CC4-58844C5F6964}.Release|x64.Build.0 = Release|x64
		{57AFA8D2-C564-44A5-8CC4-58844C5F6964}.Release|x86.ActiveCfg = Release|Win32
		{57AFA8D2-C564-44A5-8CC4-58844C5F6964}.Release|x86.Build.0 = Release|Win32
	EndGlobalSection
	GlobalSection(SolutionProperties) = preSolution
		HideSolutionNode = FALSE
	EndGlobalSection
	GlobalSection(ExtensibilityGlobals) = postSolution
		SolutionGuid = {2D955DD7-8CE7-46E5-88C9-86E4B5E975BA}
	EndGlobalSection
EndGlobal
