
Microsoft Visual Studio Solution File, Format Version 12.00
# Visual Studio 15
VisualStudioVersion = 15.0.28307.572
MinimumVisualStudioVersion = 10.0.40219.1
Project("{8BC9CEB8-8B4A-11D0-8D11-00A0C91BC942}") = "filtering", "filtering.vcxproj", "{FFBDDB36-06E9-4D3D-8885-77B8C64AECC8}"
EndProject
Global
	GlobalSection(SolutionConfigurationPlatforms) = preSolution
		Debug|x64 = Debug|x64
		Debug|x86 = Debug|x86
		Release|x64 = Release|x64
		Release|x86 = Release|x86
	EndGlobalSection
	GlobalSection(ProjectConfigurationPlatforms) = postSolution
		{FFBDDB36-06E9-4D3D-8885-77B8C64AECC8}.Debug|x64.ActiveCfg = Debug|x64
		{FFBDDB36-06E9-4D3D-8885-77B8C64AECC8}.Debug|x64.Build.0 = Debug|x64
		{FFBDDB36-06E9-4D3D-8885-77B8C64AECC8}.Debug|x86.ActiveCfg = Debug|Win32
		{FFBDDB36-06E9-4D3D-8885-77B8C64AECC8}.Debug|x86.Build.0 = Debug|Win32
		{FFBDDB36-06E9-4D3D-8885-77B8C64AECC8}.Release|x64.ActiveCfg = Release|x64
		{FFBDDB36-06E9-4D3D-8885-77B8C64AECC8}.Release|x64.Build.0 = Release|x64
		{FFBDDB36-06E9-4D3D-8885-77B8C64AECC8}.Release|x86.ActiveCfg = Release|Win32
		{FFBDDB36-06E9-4D3D-8885-77B8C64AECC8}.Release|x86.Build.0 = Release|Win32
	EndGlobalSection
	GlobalSection(SolutionProperties) = preSolution
		HideSolutionNode = FALSE
	EndGlobalSection
	GlobalSection(ExtensibilityGlobals) = postSolution
		SolutionGuid = {A2C425B9-CB4E-4709-BE25-374C70F44C28}
	EndGlobalSection
EndGlobal
